// !$*UTF8*$!
{
	archiveVersion = 1;
	classes = {
	};
	objectVersion = 46;
	objects = {

/* Begin PBXBuildFile section */
		2C1CC24D1E2ABEBF00B83987 /* AppDelegate.swift in Sources */ = {isa = PBXBuildFile; fileRef = 2C1CC24C1E2ABEBF00B83987 /* AppDelegate.swift */; };
		2C1CC24F1E2ABEBF00B83987 /* ViewController.swift in Sources */ = {isa = PBXBuildFile; fileRef = 2C1CC24E1E2ABEBF00B83987 /* ViewController.swift */; };
		2C1CC2521E2ABEBF00B83987 /* Main.storyboard in Resources */ = {isa = PBXBuildFile; fileRef = 2C1CC2501E2ABEBF00B83987 /* Main.storyboard */; };
		2C1CC2541E2ABEBF00B83987 /* Assets.xcassets in Resources */ = {isa = PBXBuildFile; fileRef = 2C1CC2531E2ABEBF00B83987 /* Assets.xcassets */; };
		2C1CC2571E2ABEBF00B83987 /* LaunchScreen.storyboard in Resources */ = {isa = PBXBuildFile; fileRef = 2C1CC2551E2ABEBF00B83987 /* LaunchScreen.storyboard */; };
		2C5291FC1E3D9E4200697F54 /* Chat.swift in Sources */ = {isa = PBXBuildFile; fileRef = 2C5291F41E3D9E4200697F54 /* Chat.swift */; settings = {ASSET_TAGS = (); }; };
		2C5291FD1E3D9E4200697F54 /* Chat+CoreDataProperties.swift in Sources */ = {isa = PBXBuildFile; fileRef = 2C5291F51E3D9E4200697F54 /* Chat+CoreDataProperties.swift */; settings = {ASSET_TAGS = (); }; };
		2C5291FE1E3D9E4200697F54 /* Contact.swift in Sources */ = {isa = PBXBuildFile; fileRef = 2C5291F61E3D9E4200697F54 /* Contact.swift */; settings = {ASSET_TAGS = (); }; };
		2C5291FF1E3D9E4200697F54 /* Contact+CoreDataProperties.swift in Sources */ = {isa = PBXBuildFile; fileRef = 2C5291F71E3D9E4200697F54 /* Contact+CoreDataProperties.swift */; settings = {ASSET_TAGS = (); }; };
		2C5292001E3D9E4200697F54 /* Message.swift in Sources */ = {isa = PBXBuildFile; fileRef = 2C5291F81E3D9E4200697F54 /* Message.swift */; settings = {ASSET_TAGS = (); }; };
		2C5292011E3D9E4200697F54 /* Message+CoreDataProperties.swift in Sources */ = {isa = PBXBuildFile; fileRef = 2C5291F91E3D9E4200697F54 /* Message+CoreDataProperties.swift */; settings = {ASSET_TAGS = (); }; };
		2C5292021E3D9E4200697F54 /* PhoneNumber.swift in Sources */ = {isa = PBXBuildFile; fileRef = 2C5291FA1E3D9E4200697F54 /* PhoneNumber.swift */; settings = {ASSET_TAGS = (); }; };
		2C5292031E3D9E4200697F54 /* PhoneNumber+CoreDataProperties.swift in Sources */ = {isa = PBXBuildFile; fileRef = 2C5291FB1E3D9E4200697F54 /* PhoneNumber+CoreDataProperties.swift */; settings = {ASSET_TAGS = (); }; };
		2C5292191E3D9E5600697F54 /* AllChatsViewController.swift in Sources */ = {isa = PBXBuildFile; fileRef = 2C5292041E3D9E5600697F54 /* AllChatsViewController.swift */; settings = {ASSET_TAGS = (); }; };
		2C52921A1E3D9E5600697F54 /* Assets.xcassets in Resources */ = {isa = PBXBuildFile; fileRef = 2C5292051E3D9E5600697F54 /* Assets.xcassets */; settings = {ASSET_TAGS = (); }; };
		2C52921B1E3D9E5600697F54 /* LaunchScreen.storyboard in Resources */ = {isa = PBXBuildFile; fileRef = 2C5292071E3D9E5600697F54 /* LaunchScreen.storyboard */; settings = {ASSET_TAGS = (); }; };
		2C52921C1E3D9E5600697F54 /* Main.storyboard in Resources */ = {isa = PBXBuildFile; fileRef = 2C5292091E3D9E5600697F54 /* Main.storyboard */; settings = {ASSET_TAGS = (); }; };
		2C52921D1E3D9E5600697F54 /* CDHelper.swift in Sources */ = {isa = PBXBuildFile; fileRef = 2C52920B1E3D9E5600697F54 /* CDHelper.swift */; settings = {ASSET_TAGS = (); }; };
		2C52921E1E3D9E5600697F54 /* ChatCell.swift in Sources */ = {isa = PBXBuildFile; fileRef = 2C52920C1E3D9E5600697F54 /* ChatCell.swift */; settings = {ASSET_TAGS = (); }; };
		2C52921F1E3D9E5600697F54 /* ChatCreationDelegate.swift in Sources */ = {isa = PBXBuildFile; fileRef = 2C52920D1E3D9E5600697F54 /* ChatCreationDelegate.swift */; settings = {ASSET_TAGS = (); }; };
		2C5292201E3D9E5600697F54 /* ChatViewController.swift in Sources */ = {isa = PBXBuildFile; fileRef = 2C52920E1E3D9E5600697F54 /* ChatViewController.swift */; settings = {ASSET_TAGS = (); }; };
		2C5292211E3D9E5600697F54 /* ContactImporter.swift in Sources */ = {isa = PBXBuildFile; fileRef = 2C52920F1E3D9E5600697F54 /* ContactImporter.swift */; settings = {ASSET_TAGS = (); }; };
		2C5292221E3D9E5600697F54 /* MessageCell.swift in Sources */ = {isa = PBXBuildFile; fileRef = 2C5292101E3D9E5600697F54 /* MessageCell.swift */; settings = {ASSET_TAGS = (); }; };
		2C5292231E3D9E5600697F54 /* Model.xcdatamodeld in Sources */ = {isa = PBXBuildFile; fileRef = 2C5292111E3D9E5600697F54 /* Model.xcdatamodeld */; settings = {ASSET_TAGS = (); }; };
		2C5292241E3D9E5600697F54 /* NewChatViewController.swift in Sources */ = {isa = PBXBuildFile; fileRef = 2C5292131E3D9E5600697F54 /* NewChatViewController.swift */; settings = {ASSET_TAGS = (); }; };
		2C5292251E3D9E5600697F54 /* NewGroupParticipantsViewController.swift in Sources */ = {isa = PBXBuildFile; fileRef = 2C5292141E3D9E5600697F54 /* NewGroupParticipantsViewController.swift */; settings = {ASSET_TAGS = (); }; };
		2C5292261E3D9E5600697F54 /* NewGroupViewController.swift in Sources */ = {isa = PBXBuildFile; fileRef = 2C5292151E3D9E5600697F54 /* NewGroupViewController.swift */; settings = {ASSET_TAGS = (); }; };
		2C5292271E3D9E5600697F54 /* TableViewFetchedResultsDelegate.swift in Sources */ = {isa = PBXBuildFile; fileRef = 2C5292161E3D9E5600697F54 /* TableViewFetchedResultsDelegate.swift */; settings = {ASSET_TAGS = (); }; };
		2C5292281E3D9E5600697F54 /* UITableView+Scroll.swift in Sources */ = {isa = PBXBuildFile; fileRef = 2C5292171E3D9E5600697F54 /* UITableView+Scroll.swift */; settings = {ASSET_TAGS = (); }; };
		2C5292291E3D9E5600697F54 /* UIViewController+FillWithView.swift in Sources */ = {isa = PBXBuildFile; fileRef = 2C5292181E3D9E5600697F54 /* UIViewController+FillWithView.swift */; settings = {ASSET_TAGS = (); }; };
/* End PBXBuildFile section */

/* Begin PBXFileReference section */
		2C1CC2491E2ABEBF00B83987 /* FishyTalk.app */ = {isa = PBXFileReference; explicitFileType = wrapper.application; includeInIndex = 0; path = FishyTalk.app; sourceTree = BUILT_PRODUCTS_DIR; };
		2C1CC24C1E2ABEBF00B83987 /* AppDelegate.swift */ = {isa = PBXFileReference; lastKnownFileType = sourcecode.swift; path = AppDelegate.swift; sourceTree = "<group>"; };
		2C1CC24E1E2ABEBF00B83987 /* ViewController.swift */ = {isa = PBXFileReference; lastKnownFileType = sourcecode.swift; path = ViewController.swift; sourceTree = "<group>"; };
		2C1CC2511E2ABEBF00B83987 /* Base */ = {isa = PBXFileReference; lastKnownFileType = file.storyboard; name = Base; path = Base.lproj/Main.storyboard; sourceTree = "<group>"; };
		2C1CC2531E2ABEBF00B83987 /* Assets.xcassets */ = {isa = PBXFileReference; lastKnownFileType = folder.assetcatalog; path = Assets.xcassets; sourceTree = "<group>"; };
		2C1CC2561E2ABEBF00B83987 /* Base */ = {isa = PBXFileReference; lastKnownFileType = file.storyboard; name = Base; path = Base.lproj/LaunchScreen.storyboard; sourceTree = "<group>"; };
		2C1CC2581E2ABEBF00B83987 /* Info.plist */ = {isa = PBXFileReference; lastKnownFileType = text.plist.xml; path = Info.plist; sourceTree = "<group>"; };
		2C5291F41E3D9E4200697F54 /* Chat.swift */ = {isa = PBXFileReference; fileEncoding = 4; lastKnownFileType = sourcecode.swift; path = Chat.swift; sourceTree = "<group>"; };
		2C5291F51E3D9E4200697F54 /* Chat+CoreDataProperties.swift */ = {isa = PBXFileReference; fileEncoding = 4; lastKnownFileType = sourcecode.swift; path = "Chat+CoreDataProperties.swift"; sourceTree = "<group>"; };
		2C5291F61E3D9E4200697F54 /* Contact.swift */ = {isa = PBXFileReference; fileEncoding = 4; lastKnownFileType = sourcecode.swift; path = Contact.swift; sourceTree = "<group>"; };
		2C5291F71E3D9E4200697F54 /* Contact+CoreDataProperties.swift */ = {isa = PBXFileReference; fileEncoding = 4; lastKnownFileType = sourcecode.swift; path = "Contact+CoreDataProperties.swift"; sourceTree = "<group>"; };
		2C5291F81E3D9E4200697F54 /* Message.swift */ = {isa = PBXFileReference; fileEncoding = 4; lastKnownFileType = sourcecode.swift; path = Message.swift; sourceTree = "<group>"; };
		2C5291F91E3D9E4200697F54 /* Message+CoreDataProperties.swift */ = {isa = PBXFileReference; fileEncoding = 4; lastKnownFileType = sourcecode.swift; path = "Message+CoreDataProperties.swift"; sourceTree = "<group>"; };
		2C5291FA1E3D9E4200697F54 /* PhoneNumber.swift */ = {isa = PBXFileReference; fileEncoding = 4; lastKnownFileType = sourcecode.swift; path = PhoneNumber.swift; sourceTree = "<group>"; };
		2C5291FB1E3D9E4200697F54 /* PhoneNumber+CoreDataProperties.swift */ = {isa = PBXFileReference; fileEncoding = 4; lastKnownFileType = sourcecode.swift; path = "PhoneNumber+CoreDataProperties.swift"; sourceTree = "<group>"; };
		2C5292041E3D9E5600697F54 /* AllChatsViewController.swift */ = {isa = PBXFileReference; fileEncoding = 4; lastKnownFileType = sourcecode.swift; path = AllChatsViewController.swift; sourceTree = "<group>"; };
		2C5292051E3D9E5600697F54 /* Assets.xcassets */ = {isa = PBXFileReference; lastKnownFileType = folder.assetcatalog; path = Assets.xcassets; sourceTree = "<group>"; };
		2C5292081E3D9E5600697F54 /* Base */ = {isa = PBXFileReference; lastKnownFileType = file.storyboard; name = Base; path = LaunchScreen.storyboard; sourceTree = "<group>"; };
		2C52920A1E3D9E5600697F54 /* Base */ = {isa = PBXFileReference; lastKnownFileType = file.storyboard; name = Base; path = Main.storyboard; sourceTree = "<group>"; };
		2C52920B1E3D9E5600697F54 /* CDHelper.swift */ = {isa = PBXFileReference; fileEncoding = 4; lastKnownFileType = sourcecode.swift; path = CDHelper.swift; sourceTree = "<group>"; };
		2C52920C1E3D9E5600697F54 /* ChatCell.swift */ = {isa = PBXFileReference; fileEncoding = 4; lastKnownFileType = sourcecode.swift; path = ChatCell.swift; sourceTree = "<group>"; };
		2C52920D1E3D9E5600697F54 /* ChatCreationDelegate.swift */ = {isa = PBXFileReference; fileEncoding = 4; lastKnownFileType = sourcecode.swift; path = ChatCreationDelegate.swift; sourceTree = "<group>"; };
		2C52920E1E3D9E5600697F54 /* ChatViewController.swift */ = {isa = PBXFileReference; fileEncoding = 4; lastKnownFileType = sourcecode.swift; path = ChatViewController.swift; sourceTree = "<group>"; };
		2C52920F1E3D9E5600697F54 /* ContactImporter.swift */ = {isa = PBXFileReference; fileEncoding = 4; lastKnownFileType = sourcecode.swift; path = ContactImporter.swift; sourceTree = "<group>"; };
		2C5292101E3D9E5600697F54 /* MessageCell.swift */ = {isa = PBXFileReference; fileEncoding = 4; lastKnownFileType = sourcecode.swift; path = MessageCell.swift; sourceTree = "<group>"; };
		2C5292121E3D9E5600697F54 /* Model.xcdatamodel */ = {isa = PBXFileReference; lastKnownFileType = wrapper.xcdatamodel; path = Model.xcdatamodel; sourceTree = "<group>"; };
		2C5292131E3D9E5600697F54 /* NewChatViewController.swift */ = {isa = PBXFileReference; fileEncoding = 4; lastKnownFileType = sourcecode.swift; path = NewChatViewController.swift; sourceTree = "<group>"; };
		2C5292141E3D9E5600697F54 /* NewGroupParticipantsViewController.swift */ = {isa = PBXFileReference; fileEncoding = 4; lastKnownFileType = sourcecode.swift; path = NewGroupParticipantsViewController.swift; sourceTree = "<group>"; };
		2C5292151E3D9E5600697F54 /* NewGroupViewController.swift */ = {isa = PBXFileReference; fileEncoding = 4; lastKnownFileType = sourcecode.swift; path = NewGroupViewController.swift; sourceTree = "<group>"; };
		2C5292161E3D9E5600697F54 /* TableViewFetchedResultsDelegate.swift */ = {isa = PBXFileReference; fileEncoding = 4; lastKnownFileType = sourcecode.swift; path = TableViewFetchedResultsDelegate.swift; sourceTree = "<group>"; };
		2C5292171E3D9E5600697F54 /* UITableView+Scroll.swift */ = {isa = PBXFileReference; fileEncoding = 4; lastKnownFileType = sourcecode.swift; path = "UITableView+Scroll.swift"; sourceTree = "<group>"; };
		2C5292181E3D9E5600697F54 /* UIViewController+FillWithView.swift */ = {isa = PBXFileReference; fileEncoding = 4; lastKnownFileType = sourcecode.swift; path = "UIViewController+FillWithView.swift"; sourceTree = "<group>"; };
/* End PBXFileReference section */

/* Begin PBXFrameworksBuildPhase section */
		2C1CC2461E2ABEBF00B83987 /* Frameworks */ = {
			isa = PBXFrameworksBuildPhase;
			buildActionMask = 2147483647;
			files = (
			);
			runOnlyForDeploymentPostprocessing = 0;
		};
/* End PBXFrameworksBuildPhase section */

/* Begin PBXGroup section */
		2C1CC2401E2ABEBF00B83987 = {
			isa = PBXGroup;
			children = (
				2C5291F41E3D9E4200697F54 /* Chat.swift */,
				2C5291F51E3D9E4200697F54 /* Chat+CoreDataProperties.swift */,
				2C5291F61E3D9E4200697F54 /* Contact.swift */,
				2C5291F71E3D9E4200697F54 /* Contact+CoreDataProperties.swift */,
				2C5291F81E3D9E4200697F54 /* Message.swift */,
				2C5291F91E3D9E4200697F54 /* Message+CoreDataProperties.swift */,
				2C5291FA1E3D9E4200697F54 /* PhoneNumber.swift */,
				2C5291FB1E3D9E4200697F54 /* PhoneNumber+CoreDataProperties.swift */,
				2C1CC24B1E2ABEBF00B83987 /* FishyTalk */,
				2C1CC24A1E2ABEBF00B83987 /* Products */,
			);
			sourceTree = "<group>";
		};
		2C1CC24A1E2ABEBF00B83987 /* Products */ = {
			isa = PBXGroup;
			children = (
				2C1CC2491E2ABEBF00B83987 /* FishyTalk.app */,
			);
			name = Products;
			sourceTree = "<group>";
		};
		2C1CC24B1E2ABEBF00B83987 /* FishyTalk */ = {
			isa = PBXGroup;
			children = (
				2C5292041E3D9E5600697F54 /* AllChatsViewController.swift */,
				2C5292051E3D9E5600697F54 /* Assets.xcassets */,
				2C5292061E3D9E5600697F54 /* Base.lproj */,
				2C52920B1E3D9E5600697F54 /* CDHelper.swift */,
				2C52920C1E3D9E5600697F54 /* ChatCell.swift */,
				2C52920D1E3D9E5600697F54 /* ChatCreationDelegate.swift */,
				2C52920E1E3D9E5600697F54 /* ChatViewController.swift */,
				2C52920F1E3D9E5600697F54 /* ContactImporter.swift */,
				2C5292101E3D9E5600697F54 /* MessageCell.swift */,
				2C5292111E3D9E5600697F54 /* Model.xcdatamodeld */,
				2C5292131E3D9E5600697F54 /* NewChatViewController.swift */,
				2C5292141E3D9E5600697F54 /* NewGroupParticipantsViewController.swift */,
				2C5292151E3D9E5600697F54 /* NewGroupViewController.swift */,
				2C5292161E3D9E5600697F54 /* TableViewFetchedResultsDelegate.swift */,
				2C5292171E3D9E5600697F54 /* UITableView+Scroll.swift */,
				2C5292181E3D9E5600697F54 /* UIViewController+FillWithView.swift */,
				2C1CC24C1E2ABEBF00B83987 /* AppDelegate.swift */,
				2C1CC24E1E2ABEBF00B83987 /* ViewController.swift */,
				2C1CC2501E2ABEBF00B83987 /* Main.storyboard */,
				2C1CC2531E2ABEBF00B83987 /* Assets.xcassets */,
				2C1CC2551E2ABEBF00B83987 /* LaunchScreen.storyboard */,
				2C1CC2581E2ABEBF00B83987 /* Info.plist */,
			);
			path = FishyTalk;
			sourceTree = "<group>";
		};
		2C5292061E3D9E5600697F54 /* Base.lproj */ = {
			isa = PBXGroup;
			children = (
				2C5292071E3D9E5600697F54 /* LaunchScreen.storyboard */,
				2C5292091E3D9E5600697F54 /* Main.storyboard */,
			);
			path = Base.lproj;
			sourceTree = "<group>";
		};
/* End PBXGroup section */

/* Begin PBXNativeTarget section */
		2C1CC2481E2ABEBF00B83987 /* FishyTalk */ = {
			isa = PBXNativeTarget;
			buildConfigurationList = 2C1CC25B1E2ABEBF00B83987 /* Build configuration list for PBXNativeTarget "FishyTalk" */;
			buildPhases = (
				2C1CC2451E2ABEBF00B83987 /* Sources */,
				2C1CC2461E2ABEBF00B83987 /* Frameworks */,
				2C1CC2471E2ABEBF00B83987 /* Resources */,
			);
			buildRules = (
			);
			dependencies = (
			);
			name = FishyTalk;
			productName = FishyTalk;
			productReference = 2C1CC2491E2ABEBF00B83987 /* FishyTalk.app */;
			productType = "com.apple.product-type.application";
		};
/* End PBXNativeTarget section */

/* Begin PBXProject section */
		2C1CC2411E2ABEBF00B83987 /* Project object */ = {
			isa = PBXProject;
			attributes = {
				LastUpgradeCheck = 0700;
				ORGANIZATIONNAME = SwiftBeard;
				TargetAttributes = {
					2C1CC2481E2ABEBF00B83987 = {
						CreatedOnToolsVersion = 7.0;
					};
				};
			};
			buildConfigurationList = 2C1CC2441E2ABEBF00B83987 /* Build configuration list for PBXProject "FishyTalk" */;
			compatibilityVersion = "Xcode 3.2";
			developmentRegion = English;
			hasScannedForEncodings = 0;
			knownRegions = (
				en,
				Base,
			);
			mainGroup = 2C1CC2401E2ABEBF00B83987;
			productRefGroup = 2C1CC24A1E2ABEBF00B83987 /* Products */;
			projectDirPath = "";
			projectRoot = "";
			targets = (
				2C1CC2481E2ABEBF00B83987 /* FishyTalk */,
			);
		};
/* End PBXProject section */

/* Begin PBXResourcesBuildPhase section */
		2C1CC2471E2ABEBF00B83987 /* Resources */ = {
			isa = PBXResourcesBuildPhase;
			buildActionMask = 2147483647;
			files = (
				2C1CC2571E2ABEBF00B83987 /* LaunchScreen.storyboard in Resources */,
				2C1CC2541E2ABEBF00B83987 /* Assets.xcassets in Resources */,
				2C52921A1E3D9E5600697F54 /* Assets.xcassets in Resources */,
				2C52921C1E3D9E5600697F54 /* Main.storyboard in Resources */,
				2C52921B1E3D9E5600697F54 /* LaunchScreen.storyboard in Resources */,
				2C1CC2521E2ABEBF00B83987 /* Main.storyboard in Resources */,
			);
			runOnlyForDeploymentPostprocessing = 0;
		};
/* End PBXResourcesBuildPhase section */

/* Begin PBXSourcesBuildPhase section */
		2C1CC2451E2ABEBF00B83987 /* Sources */ = {
			isa = PBXSourcesBuildPhase;
			buildActionMask = 2147483647;
			files = (
				2C5292191E3D9E5600697F54 /* AllChatsViewController.swift in Sources */,
				2C5292261E3D9E5600697F54 /* NewGroupViewController.swift in Sources */,
				2C5291FF1E3D9E4200697F54 /* Contact+CoreDataProperties.swift in Sources */,
				2C5292031E3D9E4200697F54 /* PhoneNumber+CoreDataProperties.swift in Sources */,
				2C5292291E3D9E5600697F54 /* UIViewController+FillWithView.swift in Sources */,
				2C5292241E3D9E5600697F54 /* NewChatViewController.swift in Sources */,
				2C1CC24F1E2ABEBF00B83987 /* ViewController.swift in Sources */,
				2C5292021E3D9E4200697F54 /* PhoneNumber.swift in Sources */,
				2C5292231E3D9E5600697F54 /* Model.xcdatamodeld in Sources */,
				2C5292251E3D9E5600697F54 /* NewGroupParticipantsViewController.swift in Sources */,
				2C5292271E3D9E5600697F54 /* TableViewFetchedResultsDelegate.swift in Sources */,
				2C52921F1E3D9E5600697F54 /* ChatCreationDelegate.swift in Sources */,
				2C5291FC1E3D9E4200697F54 /* Chat.swift in Sources */,
				2C5291FE1E3D9E4200697F54 /* Contact.swift in Sources */,
				2C1CC24D1E2ABEBF00B83987 /* AppDelegate.swift in Sources */,
				2C52921D1E3D9E5600697F54 /* CDHelper.swift in Sources */,
				2C5291FD1E3D9E4200697F54 /* Chat+CoreDataProperties.swift in Sources */,
				2C52921E1E3D9E5600697F54 /* ChatCell.swift in Sources */,
				2C5292011E3D9E4200697F54 /* Message+CoreDataProperties.swift in Sources */,
				2C5292221E3D9E5600697F54 /* MessageCell.swift in Sources */,
				2C5292201E3D9E5600697F54 /* ChatViewController.swift in Sources */,
				2C5292211E3D9E5600697F54 /* ContactImporter.swift in Sources */,
				2C5292281E3D9E5600697F54 /* UITableView+Scroll.swift in Sources */,
				2C5292001E3D9E4200697F54 /* Message.swift in Sources */,
			);
			runOnlyForDeploymentPostprocessing = 0;
		};
/* End PBXSourcesBuildPhase section */

/* Begin PBXVariantGroup section */
		2C1CC2501E2ABEBF00B83987 /* Main.storyboard */ = {
			isa = PBXVariantGroup;
			children = (
				2C1CC2511E2ABEBF00B83987 /* Base */,
			);
			name = Main.storyboard;
			sourceTree = "<group>";
		};
		2C1CC2551E2ABEBF00B83987 /* LaunchScreen.storyboard */ = {
			isa = PBXVariantGroup;
			children = (
				2C1CC2561E2ABEBF00B83987 /* Base */,
			);
			name = LaunchScreen.storyboard;
			sourceTree = "<group>";
		};
		2C5292071E3D9E5600697F54 /* LaunchScreen.storyboard */ = {
			isa = PBXVariantGroup;
			children = (
				2C5292081E3D9E5600697F54 /* Base */,
			);
			name = LaunchScreen.storyboard;
			sourceTree = "<group>";
		};
		2C5292091E3D9E5600697F54 /* Main.storyboard */ = {
			isa = PBXVariantGroup;
			children = (
				2C52920A1E3D9E5600697F54 /* Base */,
			);
			name = Main.storyboard;
			sourceTree = "<group>";
		};
/* End PBXVariantGroup section */

/* Begin XCBuildConfiguration section */
		2C1CC2591E2ABEBF00B83987 /* Debug */ = {
			isa = XCBuildConfiguration;
			buildSettings = {
				ALWAYS_SEARCH_USER_PATHS = NO;
				CLANG_CXX_LANGUAGE_STANDARD = "gnu++0x";
				CLANG_CXX_LIBRARY = "libc++";
				CLANG_ENABLE_MODULES = YES;
				CLANG_ENABLE_OBJC_ARC = YES;
				CLANG_WARN_BOOL_CONVERSION = YES;
				CLANG_WARN_CONSTANT_CONVERSION = YES;
				CLANG_WARN_DIRECT_OBJC_ISA_USAGE = YES_ERROR;
				CLANG_WARN_EMPTY_BODY = YES;
				CLANG_WARN_ENUM_CONVERSION = YES;
				CLANG_WARN_INT_CONVERSION = YES;
				CLANG_WARN_OBJC_ROOT_CLASS = YES_ERROR;
				CLANG_WARN_UNREACHABLE_CODE = YES;
				CLANG_WARN__DUPLICATE_METHOD_MATCH = YES;
				"CODE_SIGN_IDENTITY[sdk=iphoneos*]" = "iPhone Developer";
				COPY_PHASE_STRIP = NO;
				DEBUG_INFORMATION_FORMAT = dwarf;
				ENABLE_STRICT_OBJC_MSGSEND = YES;
				ENABLE_TESTABILITY = YES;
				GCC_C_LANGUAGE_STANDARD = gnu99;
				GCC_DYNAMIC_NO_PIC = NO;
				GCC_NO_COMMON_BLOCKS = YES;
				GCC_OPTIMIZATION_LEVEL = 0;
				GCC_PREPROCESSOR_DEFINITIONS = (
					"DEBUG=1",
					"$(inherited)",
				);
				GCC_WARN_64_TO_32_BIT_CONVERSION = YES;
				GCC_WARN_ABOUT_RETURN_TYPE = YES_ERROR;
				GCC_WARN_UNDECLARED_SELECTOR = YES;
				GCC_WARN_UNINITIALIZED_AUTOS = YES_AGGRESSIVE;
				GCC_WARN_UNUSED_FUNCTION = YES;
				GCC_WARN_UNUSED_VARIABLE = YES;
				IPHONEOS_DEPLOYMENT_TARGET = 9.0;
				MTL_ENABLE_DEBUG_INFO = YES;
				ONLY_ACTIVE_ARCH = YES;
				SDKROOT = iphoneos;
				SWIFT_OPTIMIZATION_LEVEL = "-Onone";
				TARGETED_DEVICE_FAMILY = "1,2";
			};
			name = Debug;
		};
		2C1CC25A1E2ABEBF00B83987 /* Release */ = {
			isa = XCBuildConfiguration;
			buildSettings = {
				ALWAYS_SEARCH_USER_PATHS = NO;
				CLANG_CXX_LANGUAGE_STANDARD = "gnu++0x";
				CLANG_CXX_LIBRARY = "libc++";
				CLANG_ENABLE_MODULES = YES;
				CLANG_ENABLE_OBJC_ARC = YES;
				CLANG_WARN_BOOL_CONVERSION = YES;
				CLANG_WARN_CONSTANT_CONVERSION = YES;
				CLANG_WARN_DIRECT_OBJC_ISA_USAGE = YES_ERROR;
				CLANG_WARN_EMPTY_BODY = YES;
				CLANG_WARN_ENUM_CONVERSION = YES;
				CLANG_WARN_INT_CONVERSION = YES;
				CLANG_WARN_OBJC_ROOT_CLASS = YES_ERROR;
				CLANG_WARN_UNREACHABLE_CODE = YES;
				CLANG_WARN__DUPLICATE_METHOD_MATCH = YES;
				"CODE_SIGN_IDENTITY[sdk=iphoneos*]" = "iPhone Developer";
				COPY_PHASE_STRIP = NO;
				DEBUG_INFORMATION_FORMAT = "dwarf-with-dsym";
				ENABLE_NS_ASSERTIONS = NO;
				ENABLE_STRICT_OBJC_MSGSEND = YES;
				GCC_C_LANGUAGE_STANDARD = gnu99;
				GCC_NO_COMMON_BLOCKS = YES;
				GCC_WARN_64_TO_32_BIT_CONVERSION = YES;
				GCC_WARN_ABOUT_RETURN_TYPE = YES_ERROR;
				GCC_WARN_UNDECLARED_SELECTOR = YES;
				GCC_WARN_UNINITIALIZED_AUTOS = YES_AGGRESSIVE;
				GCC_WARN_UNUSED_FUNCTION = YES;
				GCC_WARN_UNUSED_VARIABLE = YES;
				IPHONEOS_DEPLOYMENT_TARGET = 9.0;
				MTL_ENABLE_DEBUG_INFO = NO;
				SDKROOT = iphoneos;
				TARGETED_DEVICE_FAMILY = "1,2";
				VALIDATE_PRODUCT = YES;
			};
			name = Release;
		};
		2C1CC25C1E2ABEBF00B83987 /* Debug */ = {
			isa = XCBuildConfiguration;
			buildSettings = {
				ASSETCATALOG_COMPILER_APPICON_NAME = AppIcon;
				INFOPLIST_FILE = FishyTalk/Info.plist;
				LD_RUNPATH_SEARCH_PATHS = "$(inherited) @executable_path/Frameworks";
				PRODUCT_BUNDLE_IDENTIFIER = com.swiftbeard.FishyTalk;
				PRODUCT_NAME = "$(TARGET_NAME)";
			};
			name = Debug;
		};
		2C1CC25D1E2ABEBF00B83987 /* Release */ = {
			isa = XCBuildConfiguration;
			buildSettings = {
				ASSETCATALOG_COMPILER_APPICON_NAME = AppIcon;
				INFOPLIST_FILE = FishyTalk/Info.plist;
				LD_RUNPATH_SEARCH_PATHS = "$(inherited) @executable_path/Frameworks";
				PRODUCT_BUNDLE_IDENTIFIER = com.swiftbeard.FishyTalk;
				PRODUCT_NAME = "$(TARGET_NAME)";
			};
			name = Release;
		};
/* End XCBuildConfiguration section */

/* Begin XCConfigurationList section */
		2C1CC2441E2ABEBF00B83987 /* Build configuration list for PBXProject "FishyTalk" */ = {
			isa = XCConfigurationList;
			buildConfigurations = (
				2C1CC2591E2ABEBF00B83987 /* Debug */,
				2C1CC25A1E2ABEBF00B83987 /* Release */,
			);
			defaultConfigurationIsVisible = 0;
			defaultConfigurationName = Release;
		};
		2C1CC25B1E2ABEBF00B83987 /* Build configuration list for PBXNativeTarget "FishyTalk" */ = {
			isa = XCConfigurationList;
			buildConfigurations = (
				2C1CC25C1E2ABEBF00B83987 /* Debug */,
				2C1CC25D1E2ABEBF00B83987 /* Release */,
			);
			defaultConfigurationIsVisible = 0;
			defaultConfigurationName = Release;
		};
/* End XCConfigurationList section */

/* Begin XCVersionGroup section */
		2C5292111E3D9E5600697F54 /* Model.xcdatamodeld */ = {
			isa = XCVersionGroup;
			children = (
				2C5292121E3D9E5600697F54 /* Model.xcdatamodel */,
			);
			currentVersion = 2C5292121E3D9E5600697F54 /* Model.xcdatamodel */;
			path = Model.xcdatamodeld;
			sourceTree = "<group>";
			versionGroupType = wrapper.xcdatamodel;
		};
/* End XCVersionGroup section */
	};
	rootObject = 2C1CC2411E2ABEBF00B83987 /* Project object */;
}
